// !$*UTF8*$!
{
	archiveVersion = 1;
	classes = {
	};
	objectVersion = 56;
	objects = {

/* Begin PBXBuildFile section */
		836206132A0C64DC009D2D81 /* Locations.json in Resources */ = {isa = PBXBuildFile; fileRef = 836206122A0C64DC009D2D81 /* Locations.json */; };
		836206152A0C64FD009D2D81 /* Locations.tsv in Resources */ = {isa = PBXBuildFile; fileRef = 836206142A0C64FD009D2D81 /* Locations.tsv */; };
		83B6069B2A0BFC0300DAD05C /* FindDairyFreeApp.swift in Sources */ = {isa = PBXBuildFile; fileRef = 83B6069A2A0BFC0300DAD05C /* FindDairyFreeApp.swift */; };
		83B606AB2A0BFC6D00DAD05C /* LocationsDataService.swift in Sources */ = {isa = PBXBuildFile; fileRef = 83B606A92A0BFC6D00DAD05C /* LocationsDataService.swift */; };
		83B606AC2A0BFC6D00DAD05C /* DataReader.swift in Sources */ = {isa = PBXBuildFile; fileRef = 83B606AA2A0BFC6D00DAD05C /* DataReader.swift */; };
		83B606B22A0BFC9A00DAD05C /* LocationsViewModel.swift in Sources */ = {isa = PBXBuildFile; fileRef = 83B606AE2A0BFC9A00DAD05C /* LocationsViewModel.swift */; };
		83B606B32A0BFC9A00DAD05C /* DairyFreeDocs.docc in Sources */ = {isa = PBXBuildFile; fileRef = 83B606AF2A0BFC9A00DAD05C /* DairyFreeDocs.docc */; };
		83B606B42A0BFC9A00DAD05C /* Tag.swift in Sources */ = {isa = PBXBuildFile; fileRef = 83B606B02A0BFC9A00DAD05C /* Tag.swift */; };
		83B606B52A0BFC9A00DAD05C /* MapViewModel.swift in Sources */ = {isa = PBXBuildFile; fileRef = 83B606B12A0BFC9A00DAD05C /* MapViewModel.swift */; };
		83B606C12A0BFD0B00DAD05C /* LocationsListView.swift in Sources */ = {isa = PBXBuildFile; fileRef = 83B606B92A0BFD0B00DAD05C /* LocationsListView.swift */; };
		83B606C22A0BFD0B00DAD05C /* Location.swift in Sources */ = {isa = PBXBuildFile; fileRef = 83B606BA2A0BFD0B00DAD05C /* Location.swift */; };
		83B606C32A0BFD0B00DAD05C /* CurrentLocationView.swift in Sources */ = {isa = PBXBuildFile; fileRef = 83B606BB2A0BFD0B00DAD05C /* CurrentLocationView.swift */; };
		83B606C42A0BFD0B00DAD05C /* LocationDetailView.swift in Sources */ = {isa = PBXBuildFile; fileRef = 83B606BC2A0BFD0B00DAD05C /* LocationDetailView.swift */; };
		83B606C52A0BFD0B00DAD05C /* LocationPreviewView.swift in Sources */ = {isa = PBXBuildFile; fileRef = 83B606BD2A0BFD0B00DAD05C /* LocationPreviewView.swift */; };
		83B606C62A0BFD0B00DAD05C /* SearchBarView.swift in Sources */ = {isa = PBXBuildFile; fileRef = 83B606BE2A0BFD0B00DAD05C /* SearchBarView.swift */; };
		83B606C72A0BFD0B00DAD05C /* LocationMapAnnotationView.swift in Sources */ = {isa = PBXBuildFile; fileRef = 83B606BF2A0BFD0B00DAD05C /* LocationMapAnnotationView.swift */; };
		83B606C82A0BFD0B00DAD05C /* LocationsView.swift in Sources */ = {isa = PBXBuildFile; fileRef = 83B606C02A0BFD0B00DAD05C /* LocationsView.swift */; };
		83B606CA2A0BFE4800DAD05C /* Assets.xcassets in Resources */ = {isa = PBXBuildFile; fileRef = 83B606C92A0BFE4800DAD05C /* Assets.xcassets */; };
		83B606CC2A0BFE5300DAD05C /* Preview Assets.xcassets in Resources */ = {isa = PBXBuildFile; fileRef = 83B606CB2A0BFE5300DAD05C /* Preview Assets.xcassets */; };
/* End PBXBuildFile section */

/* Begin PBXFileReference section */
		836206122A0C64DC009D2D81 /* Locations.json */ = {isa = PBXFileReference; lastKnownFileType = text.json; path = Locations.json; sourceTree = "<group>"; };
		836206142A0C64FD009D2D81 /* Locations.tsv */ = {isa = PBXFileReference; fileEncoding = 4; lastKnownFileType = text; path = Locations.tsv; sourceTree = "<group>"; };
		83B606972A0BFC0300DAD05C /* FindDairyFree.app */ = {isa = PBXFileReference; explicitFileType = wrapper.application; includeInIndex = 0; path = FindDairyFree.app; sourceTree = BUILT_PRODUCTS_DIR; };
		83B6069A2A0BFC0300DAD05C /* FindDairyFreeApp.swift */ = {isa = PBXFileReference; lastKnownFileType = sourcecode.swift; path = FindDairyFreeApp.swift; sourceTree = "<group>"; };
		83B606A92A0BFC6D00DAD05C /* LocationsDataService.swift */ = {isa = PBXFileReference; fileEncoding = 4; lastKnownFileType = sourcecode.swift; path = LocationsDataService.swift; sourceTree = "<group>"; };
		83B606AA2A0BFC6D00DAD05C /* DataReader.swift */ = {isa = PBXFileReference; fileEncoding = 4; lastKnownFileType = sourcecode.swift; path = DataReader.swift; sourceTree = "<group>"; };
		83B606AE2A0BFC9A00DAD05C /* LocationsViewModel.swift */ = {isa = PBXFileReference; fileEncoding = 4; lastKnownFileType = sourcecode.swift; path = LocationsViewModel.swift; sourceTree = "<group>"; };
		83B606AF2A0BFC9A00DAD05C /* DairyFreeDocs.docc */ = {isa = PBXFileReference; lastKnownFileType = folder.documentationcatalog; path = DairyFreeDocs.docc; sourceTree = "<group>"; };
		83B606B02A0BFC9A00DAD05C /* Tag.swift */ = {isa = PBXFileReference; fileEncoding = 4; lastKnownFileType = sourcecode.swift; path = Tag.swift; sourceTree = "<group>"; };
		83B606B12A0BFC9A00DAD05C /* MapViewModel.swift */ = {isa = PBXFileReference; fileEncoding = 4; lastKnownFileType = sourcecode.swift; path = MapViewModel.swift; sourceTree = "<group>"; };
		83B606B92A0BFD0B00DAD05C /* LocationsListView.swift */ = {isa = PBXFileReference; fileEncoding = 4; lastKnownFileType = sourcecode.swift; path = LocationsListView.swift; sourceTree = "<group>"; };
		83B606BA2A0BFD0B00DAD05C /* Location.swift */ = {isa = PBXFileReference; fileEncoding = 4; lastKnownFileType = sourcecode.swift; path = Location.swift; sourceTree = "<group>"; };
		83B606BB2A0BFD0B00DAD05C /* CurrentLocationView.swift */ = {isa = PBXFileReference; fileEncoding = 4; lastKnownFileType = sourcecode.swift; path = CurrentLocationView.swift; sourceTree = "<group>"; };
		83B606BC2A0BFD0B00DAD05C /* LocationDetailView.swift */ = {isa = PBXFileReference; fileEncoding = 4; lastKnownFileType = sourcecode.swift; path = LocationDetailView.swift; sourceTree = "<group>"; };
		83B606BD2A0BFD0B00DAD05C /* LocationPreviewView.swift */ = {isa = PBXFileReference; fileEncoding = 4; lastKnownFileType = sourcecode.swift; path = LocationPreviewView.swift; sourceTree = "<group>"; };
		83B606BE2A0BFD0B00DAD05C /* SearchBarView.swift */ = {isa = PBXFileReference; fileEncoding = 4; lastKnownFileType = sourcecode.swift; path = SearchBarView.swift; sourceTree = "<group>"; };
		83B606BF2A0BFD0B00DAD05C /* LocationMapAnnotationView.swift */ = {isa = PBXFileReference; fileEncoding = 4; lastKnownFileType = sourcecode.swift; path = LocationMapAnnotationView.swift; sourceTree = "<group>"; };
		83B606C02A0BFD0B00DAD05C /* LocationsView.swift */ = {isa = PBXFileReference; fileEncoding = 4; lastKnownFileType = sourcecode.swift; path = LocationsView.swift; sourceTree = "<group>"; };
		83B606C92A0BFE4800DAD05C /* Assets.xcassets */ = {isa = PBXFileReference; lastKnownFileType = folder.assetcatalog; path = Assets.xcassets; sourceTree = "<group>"; };
		83B606CB2A0BFE5300DAD05C /* Preview Assets.xcassets */ = {isa = PBXFileReference; lastKnownFileType = folder.assetcatalog; path = "Preview Assets.xcassets"; sourceTree = "<group>"; };
/* End PBXFileReference section */

/* Begin PBXFrameworksBuildPhase section */
		83B606942A0BFC0300DAD05C /* Frameworks */ = {
			isa = PBXFrameworksBuildPhase;
			buildActionMask = 2147483647;
			files = (
			);
			runOnlyForDeploymentPostprocessing = 0;
		};
/* End PBXFrameworksBuildPhase section */

/* Begin PBXGroup section */
		83B6068E2A0BFC0300DAD05C = {
			isa = PBXGroup;
			children = (
				83B606992A0BFC0300DAD05C /* FindDairyFree */,
				83B606982A0BFC0300DAD05C /* Products */,
			);
			sourceTree = "<group>";
		};
		83B606982A0BFC0300DAD05C /* Products */ = {
			isa = PBXGroup;
			children = (
				83B606972A0BFC0300DAD05C /* FindDairyFree.app */,
			);
			name = Products;
			sourceTree = "<group>";
		};
		83B606992A0BFC0300DAD05C /* FindDairyFree */ = {
			isa = PBXGroup;
			children = (
				83B606C92A0BFE4800DAD05C /* Assets.xcassets */,
				83B6069A2A0BFC0300DAD05C /* FindDairyFreeApp.swift */,
				83B606B82A0BFCF000DAD05C /* Views */,
				83B606AD2A0BFC8400DAD05C /* ViewModels */,
				83B606A82A0BFC5A00DAD05C /* DataServices */,
				83B606A02A0BFC0400DAD05C /* Preview Content */,
			);
			path = FindDairyFree;
			sourceTree = "<group>";
		};
		83B606A02A0BFC0400DAD05C /* Preview Content */ = {
			isa = PBXGroup;
			children = (
				83B606CB2A0BFE5300DAD05C /* Preview Assets.xcassets */,
			);
			path = "Preview Content";
			sourceTree = "<group>";
		};
		83B606A82A0BFC5A00DAD05C /* DataServices */ = {
			isa = PBXGroup;
			children = (
				83B606AA2A0BFC6D00DAD05C /* DataReader.swift */,
				83B606A92A0BFC6D00DAD05C /* LocationsDataService.swift */,
				836206122A0C64DC009D2D81 /* Locations.json */,
				836206142A0C64FD009D2D81 /* Locations.tsv */,
			);
			path = DataServices;
			sourceTree = "<group>";
		};
		83B606AD2A0BFC8400DAD05C /* ViewModels */ = {
			isa = PBXGroup;
			children = (
				83B606AF2A0BFC9A00DAD05C /* DairyFreeDocs.docc */,
				83B606AE2A0BFC9A00DAD05C /* LocationsViewModel.swift */,
				83B606B12A0BFC9A00DAD05C /* MapViewModel.swift */,
				83B606B02A0BFC9A00DAD05C /* Tag.swift */,
			);
			path = ViewModels;
			sourceTree = "<group>";
		};
		83B606B82A0BFCF000DAD05C /* Views */ = {
			isa = PBXGroup;
			children = (
				83B606BB2A0BFD0B00DAD05C /* CurrentLocationView.swift */,
				83B606BA2A0BFD0B00DAD05C /* Location.swift */,
				83B606BC2A0BFD0B00DAD05C /* LocationDetailView.swift */,
				83B606BF2A0BFD0B00DAD05C /* LocationMapAnnotationView.swift */,
				83B606BD2A0BFD0B00DAD05C /* LocationPreviewView.swift */,
				83B606B92A0BFD0B00DAD05C /* LocationsListView.swift */,
				83B606C02A0BFD0B00DAD05C /* LocationsView.swift */,
				83B606BE2A0BFD0B00DAD05C /* SearchBarView.swift */,
			);
			path = Views;
			sourceTree = "<group>";
		};
/* End PBXGroup section */

/* Begin PBXNativeTarget section */
		83B606962A0BFC0300DAD05C /* FindDairyFree */ = {
			isa = PBXNativeTarget;
			buildConfigurationList = 83B606A52A0BFC0400DAD05C /* Build configuration list for PBXNativeTarget "FindDairyFree" */;
			buildPhases = (
				83B606932A0BFC0300DAD05C /* Sources */,
				83B606942A0BFC0300DAD05C /* Frameworks */,
				83B606952A0BFC0300DAD05C /* Resources */,
			);
			buildRules = (
			);
			dependencies = (
			);
			name = FindDairyFree;
			productName = FindDairyFree;
			productReference = 83B606972A0BFC0300DAD05C /* FindDairyFree.app */;
			productType = "com.apple.product-type.application";
		};
/* End PBXNativeTarget section */

/* Begin PBXProject section */
		83B6068F2A0BFC0300DAD05C /* Project object */ = {
			isa = PBXProject;
			attributes = {
				BuildIndependentTargetsInParallel = 1;
				LastSwiftUpdateCheck = 1430;
				LastUpgradeCheck = 1430;
				TargetAttributes = {
					83B606962A0BFC0300DAD05C = {
						CreatedOnToolsVersion = 14.3;
					};
				};
			};
			buildConfigurationList = 83B606922A0BFC0300DAD05C /* Build configuration list for PBXProject "FindDairyFree" */;
			compatibilityVersion = "Xcode 14.0";
			developmentRegion = en;
			hasScannedForEncodings = 0;
			knownRegions = (
				en,
				Base,
			);
			mainGroup = 83B6068E2A0BFC0300DAD05C;
			productRefGroup = 83B606982A0BFC0300DAD05C /* Products */;
			projectDirPath = "";
			projectRoot = "";
			targets = (
				83B606962A0BFC0300DAD05C /* FindDairyFree */,
			);
		};
/* End PBXProject section */

/* Begin PBXResourcesBuildPhase section */
		83B606952A0BFC0300DAD05C /* Resources */ = {
			isa = PBXResourcesBuildPhase;
			buildActionMask = 2147483647;
			files = (
				83B606CC2A0BFE5300DAD05C /* Preview Assets.xcassets in Resources */,
				836206132A0C64DC009D2D81 /* Locations.json in Resources */,
				83B606CA2A0BFE4800DAD05C /* Assets.xcassets in Resources */,
				836206152A0C64FD009D2D81 /* Locations.tsv in Resources */,
			);
			runOnlyForDeploymentPostprocessing = 0;
		};
/* End PBXResourcesBuildPhase section */

/* Begin PBXSourcesBuildPhase section */
		83B606932A0BFC0300DAD05C /* Sources */ = {
			isa = PBXSourcesBuildPhase;
			buildActionMask = 2147483647;
			files = (
				83B606AC2A0BFC6D00DAD05C /* DataReader.swift in Sources */,
				83B606C72A0BFD0B00DAD05C /* LocationMapAnnotationView.swift in Sources */,
				83B606C42A0BFD0B00DAD05C /* LocationDetailView.swift in Sources */,
				83B606C22A0BFD0B00DAD05C /* Location.swift in Sources */,
				83B606C82A0BFD0B00DAD05C /* LocationsView.swift in Sources */,
				83B6069B2A0BFC0300DAD05C /* FindDairyFreeApp.swift in Sources */,
				83B606C52A0BFD0B00DAD05C /* LocationPreviewView.swift in Sources */,
				83B606C12A0BFD0B00DAD05C /* LocationsListView.swift in Sources */,
				83B606B42A0BFC9A00DAD05C /* Tag.swift in Sources */,
				83B606C32A0BFD0B00DAD05C /* CurrentLocationView.swift in Sources */,
				83B606B32A0BFC9A00DAD05C /* DairyFreeDocs.docc in Sources */,
				83B606C62A0BFD0B00DAD05C /* SearchBarView.swift in Sources */,
				83B606AB2A0BFC6D00DAD05C /* LocationsDataService.swift in Sources */,
				83B606B22A0BFC9A00DAD05C /* LocationsViewModel.swift in Sources */,
				83B606B52A0BFC9A00DAD05C /* MapViewModel.swift in Sources */,
			);
			runOnlyForDeploymentPostprocessing = 0;
		};
/* End PBXSourcesBuildPhase section */

/* Begin XCBuildConfiguration section */
		83B606A32A0BFC0400DAD05C /* Debug */ = {
			isa = XCBuildConfiguration;
			buildSettings = {
				ALWAYS_SEARCH_USER_PATHS = NO;
				CLANG_ANALYZER_NONNULL = YES;
				CLANG_ANALYZER_NUMBER_OBJECT_CONVERSION = YES_AGGRESSIVE;
				CLANG_CXX_LANGUAGE_STANDARD = "gnu++20";
				CLANG_ENABLE_MODULES = YES;
				CLANG_ENABLE_OBJC_ARC = YES;
				CLANG_ENABLE_OBJC_WEAK = YES;
				CLANG_WARN_BLOCK_CAPTURE_AUTORELEASING = YES;
				CLANG_WARN_BOOL_CONVERSION = YES;
				CLANG_WARN_COMMA = YES;
				CLANG_WARN_CONSTANT_CONVERSION = YES;
				CLANG_WARN_DEPRECATED_OBJC_IMPLEMENTATIONS = YES;
				CLANG_WARN_DIRECT_OBJC_ISA_USAGE = YES_ERROR;
				CLANG_WARN_DOCUMENTATION_COMMENTS = YES;
				CLANG_WARN_EMPTY_BODY = YES;
				CLANG_WARN_ENUM_CONVERSION = YES;
				CLANG_WARN_INFINITE_RECURSION = YES;
				CLANG_WARN_INT_CONVERSION = YES;
				CLANG_WARN_NON_LITERAL_NULL_CONVERSION = YES;
				CLANG_WARN_OBJC_IMPLICIT_RETAIN_SELF = YES;
				CLANG_WARN_OBJC_LITERAL_CONVERSION = YES;
				CLANG_WARN_OBJC_ROOT_CLASS = YES_ERROR;
				CLANG_WARN_QUOTED_INCLUDE_IN_FRAMEWORK_HEADER = YES;
				CLANG_WARN_RANGE_LOOP_ANALYSIS = YES;
				CLANG_WARN_STRICT_PROTOTYPES = YES;
				CLANG_WARN_SUSPICIOUS_MOVE = YES;
				CLANG_WARN_UNGUARDED_AVAILABILITY = YES_AGGRESSIVE;
				CLANG_WARN_UNREACHABLE_CODE = YES;
				CLANG_WARN__DUPLICATE_METHOD_MATCH = YES;
				COPY_PHASE_STRIP = NO;
				DEBUG_INFORMATION_FORMAT = dwarf;
				ENABLE_STRICT_OBJC_MSGSEND = YES;
				ENABLE_TESTABILITY = YES;
				GCC_C_LANGUAGE_STANDARD = gnu11;
				GCC_DYNAMIC_NO_PIC = NO;
				GCC_NO_COMMON_BLOCKS = YES;
				GCC_OPTIMIZATION_LEVEL = 0;
				GCC_PREPROCESSOR_DEFINITIONS = (
					"DEBUG=1",
					"$(inherited)",
				);
				GCC_WARN_64_TO_32_BIT_CONVERSION = YES;
				GCC_WARN_ABOUT_RETURN_TYPE = YES_ERROR;
				GCC_WARN_UNDECLARED_SELECTOR = YES;
				GCC_WARN_UNINITIALIZED_AUTOS = YES_AGGRESSIVE;
				GCC_WARN_UNUSED_FUNCTION = YES;
				GCC_WARN_UNUSED_VARIABLE = YES;
				IPHONEOS_DEPLOYMENT_TARGET = 16.4;
				MTL_ENABLE_DEBUG_INFO = INCLUDE_SOURCE;
				MTL_FAST_MATH = YES;
				ONLY_ACTIVE_ARCH = YES;
				SDKROOT = iphoneos;
				SWIFT_ACTIVE_COMPILATION_CONDITIONS = DEBUG;
				SWIFT_OPTIMIZATION_LEVEL = "-Onone";
			};
			name = Debug;
		};
		83B606A42A0BFC0400DAD05C /* Release */ = {
			isa = XCBuildConfiguration;
			buildSettings = {
				ALWAYS_SEARCH_USER_PATHS = NO;
				CLANG_ANALYZER_NONNULL = YES;
				CLANG_ANALYZER_NUMBER_OBJECT_CONVERSION = YES_AGGRESSIVE;
				CLANG_CXX_LANGUAGE_STANDARD = "gnu++20";
				CLANG_ENABLE_MODULES = YES;
				CLANG_ENABLE_OBJC_ARC = YES;
				CLANG_ENABLE_OBJC_WEAK = YES;
				CLANG_WARN_BLOCK_CAPTURE_AUTORELEASING = YES;
				CLANG_WARN_BOOL_CONVERSION = YES;
				CLANG_WARN_COMMA = YES;
				CLANG_WARN_CONSTANT_CONVERSION = YES;
				CLANG_WARN_DEPRECATED_OBJC_IMPLEMENTATIONS = YES;
				CLANG_WARN_DIRECT_OBJC_ISA_USAGE = YES_ERROR;
				CLANG_WARN_DOCUMENTATION_COMMENTS = YES;
				CLANG_WARN_EMPTY_BODY = YES;
				CLANG_WARN_ENUM_CONVERSION = YES;
				CLANG_WARN_INFINITE_RECURSION = YES;
				CLANG_WARN_INT_CONVERSION = YES;
				CLANG_WARN_NON_LITERAL_NULL_CONVERSION = YES;
				CLANG_WARN_OBJC_IMPLICIT_RETAIN_SELF = YES;
				CLANG_WARN_OBJC_LITERAL_CONVERSION = YES;
				CLANG_WARN_OBJC_ROOT_CLASS = YES_ERROR;
				CLANG_WARN_QUOTED_INCLUDE_IN_FRAMEWORK_HEADER = YES;
				CLANG_WARN_RANGE_LOOP_ANALYSIS = YES;
				CLANG_WARN_STRICT_PROTOTYPES = YES;
				CLANG_WARN_SUSPICIOUS_MOVE = YES;
				CLANG_WARN_UNGUARDED_AVAILABILITY = YES_AGGRESSIVE;
				CLANG_WARN_UNREACHABLE_CODE = YES;
				CLANG_WARN__DUPLICATE_METHOD_MATCH = YES;
				COPY_PHASE_STRIP = NO;
				DEBUG_INFORMATION_FORMAT = "dwarf-with-dsym";
				ENABLE_NS_ASSERTIONS = NO;
				ENABLE_STRICT_OBJC_MSGSEND = YES;
				GCC_C_LANGUAGE_STANDARD = gnu11;
				GCC_NO_COMMON_BLOCKS = YES;
				GCC_WARN_64_TO_32_BIT_CONVERSION = YES;
				GCC_WARN_ABOUT_RETURN_TYPE = YES_ERROR;
				GCC_WARN_UNDECLARED_SELECTOR = YES;
				GCC_WARN_UNINITIALIZED_AUTOS = YES_AGGRESSIVE;
				GCC_WARN_UNUSED_FUNCTION = YES;
				GCC_WARN_UNUSED_VARIABLE = YES;
				IPHONEOS_DEPLOYMENT_TARGET = 16.4;
				MTL_ENABLE_DEBUG_INFO = NO;
				MTL_FAST_MATH = YES;
				SDKROOT = iphoneos;
				SWIFT_COMPILATION_MODE = wholemodule;
				SWIFT_OPTIMIZATION_LEVEL = "-O";
				VALIDATE_PRODUCT = YES;
			};
			name = Release;
		};
		83B606A62A0BFC0400DAD05C /* Debug */ = {
			isa = XCBuildConfiguration;
			buildSettings = {
				ASSETCATALOG_COMPILER_APPICON_NAME = AppIcon;
				ASSETCATALOG_COMPILER_GLOBAL_ACCENT_COLOR_NAME = AccentColor;
				CODE_SIGN_STYLE = Automatic;
				CURRENT_PROJECT_VERSION = 1;
				DEVELOPMENT_ASSET_PATHS = "\"FindDairyFree/Preview Content\"";
				DEVELOPMENT_TEAM = GY2THC9PZ2;
				ENABLE_PREVIEWS = YES;
				GENERATE_INFOPLIST_FILE = YES;
				INFOPLIST_KEY_UIApplicationSceneManifest_Generation = YES;
				INFOPLIST_KEY_UIApplicationSupportsIndirectInputEvents = YES;
				INFOPLIST_KEY_UILaunchScreen_Generation = YES;
				INFOPLIST_KEY_UISupportedInterfaceOrientations_iPad = "UIInterfaceOrientationPortrait UIInterfaceOrientationPortraitUpsideDown UIInterfaceOrientationLandscapeLeft UIInterfaceOrientationLandscapeRight";
				INFOPLIST_KEY_UISupportedInterfaceOrientations_iPhone = "UIInterfaceOrientationPortrait UIInterfaceOrientationLandscapeLeft UIInterfaceOrientationLandscapeRight";
				LD_RUNPATH_SEARCH_PATHS = (
					"$(inherited)",
					"@executable_path/Frameworks",
				);
				MARKETING_VERSION = 1.0;
				PRODUCT_BUNDLE_IDENTIFIER = com.griffinmichalak.FindDairyFree;
				PRODUCT_NAME = "$(TARGET_NAME)";
				SWIFT_EMIT_LOC_STRINGS = YES;
				SWIFT_VERSION = 5.0;
				TARGETED_DEVICE_FAMILY = "1,2";
			};
			name = Debug;
		};
		83B606A72A0BFC0400DAD05C /* Release */ = {
			isa = XCBuildConfiguration;
			buildSettings = {
				ASSETCATALOG_COMPILER_APPICON_NAME = AppIcon;
				ASSETCATALOG_COMPILER_GLOBAL_ACCENT_COLOR_NAME = AccentColor;
				CODE_SIGN_STYLE = Automatic;
				CURRENT_PROJECT_VERSION = 1;
				DEVELOPMENT_ASSET_PATHS = "\"FindDairyFree/Preview Content\"";
				DEVELOPMENT_TEAM = GY2THC9PZ2;
				ENABLE_PREVIEWS = YES;
				GENERATE_INFOPLIST_FILE = YES;
				INFOPLIST_KEY_UIApplicationSceneManifest_Generation = YES;
				INFOPLIST_KEY_UIApplicationSupportsIndirectInputEvents = YES;
				INFOPLIST_KEY_UILaunchScreen_Generation = YES;
				INFOPLIST_KEY_UISupportedInterfaceOrientations_iPad = "UIInterfaceOrientationPortrait UIInterfaceOrientationPortraitUpsideDown UIInterfaceOrientationLandscapeLeft UIInterfaceOrientationLandscapeRight";
				INFOPLIST_KEY_UISupportedInterfaceOrientations_iPhone = "UIInterfaceOrientationPortrait UIInterfaceOrientationLandscapeLeft UIInterfaceOrientationLandscapeRight";
				LD_RUNPATH_SEARCH_PATHS = (
					"$(inherited)",
					"@executable_path/Frameworks",
				);
				MARKETING_VERSION = 1.0;
				PRODUCT_BUNDLE_IDENTIFIER = com.griffinmichalak.FindDairyFree;
				PRODUCT_NAME = "$(TARGET_NAME)";
				SWIFT_EMIT_LOC_STRINGS = YES;
				SWIFT_VERSION = 5.0;
				TARGETED_DEVICE_FAMILY = "1,2";
			};
			name = Release;
		};
/* End XCBuildConfiguration section */

/* Begin XCConfigurationList section */
		83B606922A0BFC0300DAD05C /* Build configuration list for PBXProject "FindDairyFree" */ = {
			isa = XCConfigurationList;
			buildConfigurations = (
				83B606A32A0BFC0400DAD05C /* Debug */,
				83B606A42A0BFC0400DAD05C /* Release */,
			);
			defaultConfigurationIsVisible = 0;
			defaultConfigurationName = Release;
		};
		83B606A52A0BFC0400DAD05C /* Build configuration list for PBXNativeTarget "FindDairyFree" */ = {
			isa = XCConfigurationList;
			buildConfigurations = (
				83B606A62A0BFC0400DAD05C /* Debug */,
				83B606A72A0BFC0400DAD05C /* Release */,
			);
			defaultConfigurationIsVisible = 0;
			defaultConfigurationName = Release;
		};
/* End XCConfigurationList section */
	};
	rootObject = 83B6068F2A0BFC0300DAD05C /* Project object */;
}
