// !$*UTF8*$!
{
	archiveVersion = 1;
	classes = {
	};
	objectVersion = 56;
	objects = {

/* Begin PBXBuildFile section */
		830A8CF42A17004F0064830A /* FindDairyFreeApp.swift in Sources */ = {isa = PBXBuildFile; fileRef = 830A8CF32A17004F0064830A /* FindDairyFreeApp.swift */; };
		830A8D062A1700D50064830A /* Locations.tsv in Resources */ = {isa = PBXBuildFile; fileRef = 830A8D042A1700D50064830A /* Locations.tsv */; };
		830A8D072A1700D50064830A /* LocationData.swift in Sources */ = {isa = PBXBuildFile; fileRef = 830A8D052A1700D50064830A /* LocationData.swift */; };
		830A8D0B2A1700E20064830A /* LocationDetailView.swift in Sources */ = {isa = PBXBuildFile; fileRef = 830A8D082A1700E20064830A /* LocationDetailView.swift */; };
		830A8D0C2A1700E20064830A /* MapView.swift in Sources */ = {isa = PBXBuildFile; fileRef = 830A8D092A1700E20064830A /* MapView.swift */; };
		830A8D0D2A1700E20064830A /* ContentView.swift in Sources */ = {isa = PBXBuildFile; fileRef = 830A8D0A2A1700E20064830A /* ContentView.swift */; };
		830A8D112A1700F70064830A /* Tag.swift in Sources */ = {isa = PBXBuildFile; fileRef = 830A8D0E2A1700F70064830A /* Tag.swift */; };
		830A8D122A1700F70064830A /* Location.swift in Sources */ = {isa = PBXBuildFile; fileRef = 830A8D0F2A1700F70064830A /* Location.swift */; };
		830A8D132A1700F70064830A /* LocationManager.swift in Sources */ = {isa = PBXBuildFile; fileRef = 830A8D102A1700F70064830A /* LocationManager.swift */; };
		830A8D152A1701110064830A /* Preview Assets.xcassets in Resources */ = {isa = PBXBuildFile; fileRef = 830A8D142A1701110064830A /* Preview Assets.xcassets */; };
		830A8D172A1701340064830A /* Assets.xcassets in Resources */ = {isa = PBXBuildFile; fileRef = 830A8D162A1701340064830A /* Assets.xcassets */; };
/* End PBXBuildFile section */

/* Begin PBXFileReference section */
		830A8CF02A17004F0064830A /* FindDairyFree.app */ = {isa = PBXFileReference; explicitFileType = wrapper.application; includeInIndex = 0; path = FindDairyFree.app; sourceTree = BUILT_PRODUCTS_DIR; };
		830A8CF32A17004F0064830A /* FindDairyFreeApp.swift */ = {isa = PBXFileReference; lastKnownFileType = sourcecode.swift; path = FindDairyFreeApp.swift; sourceTree = "<group>"; };
		830A8D042A1700D50064830A /* Locations.tsv */ = {isa = PBXFileReference; fileEncoding = 4; lastKnownFileType = text; path = Locations.tsv; sourceTree = "<group>"; };
		830A8D052A1700D50064830A /* LocationData.swift */ = {isa = PBXFileReference; fileEncoding = 4; lastKnownFileType = sourcecode.swift; path = LocationData.swift; sourceTree = "<group>"; };
		830A8D082A1700E20064830A /* LocationDetailView.swift */ = {isa = PBXFileReference; fileEncoding = 4; lastKnownFileType = sourcecode.swift; path = LocationDetailView.swift; sourceTree = "<group>"; };
		830A8D092A1700E20064830A /* MapView.swift */ = {isa = PBXFileReference; fileEncoding = 4; lastKnownFileType = sourcecode.swift; path = MapView.swift; sourceTree = "<group>"; };
		830A8D0A2A1700E20064830A /* ContentView.swift */ = {isa = PBXFileReference; fileEncoding = 4; lastKnownFileType = sourcecode.swift; path = ContentView.swift; sourceTree = "<group>"; };
		830A8D0E2A1700F70064830A /* Tag.swift */ = {isa = PBXFileReference; fileEncoding = 4; lastKnownFileType = sourcecode.swift; path = Tag.swift; sourceTree = "<group>"; };
		830A8D0F2A1700F70064830A /* Location.swift */ = {isa = PBXFileReference; fileEncoding = 4; lastKnownFileType = sourcecode.swift; path = Location.swift; sourceTree = "<group>"; };
		830A8D102A1700F70064830A /* LocationManager.swift */ = {isa = PBXFileReference; fileEncoding = 4; lastKnownFileType = sourcecode.swift; path = LocationManager.swift; sourceTree = "<group>"; };
		830A8D142A1701110064830A /* Preview Assets.xcassets */ = {isa = PBXFileReference; lastKnownFileType = folder.assetcatalog; path = "Preview Assets.xcassets"; sourceTree = "<group>"; };
		830A8D162A1701340064830A /* Assets.xcassets */ = {isa = PBXFileReference; lastKnownFileType = folder.assetcatalog; path = Assets.xcassets; sourceTree = "<group>"; };
/* End PBXFileReference section */

/* Begin PBXFrameworksBuildPhase section */
		830A8CED2A17004F0064830A /* Frameworks */ = {
			isa = PBXFrameworksBuildPhase;
			buildActionMask = 2147483647;
			files = (
			);
			runOnlyForDeploymentPostprocessing = 0;
		};
/* End PBXFrameworksBuildPhase section */

/* Begin PBXGroup section */
		830A8CE72A17004F0064830A = {
			isa = PBXGroup;
			children = (
				830A8CF22A17004F0064830A /* FindDairyFree */,
				830A8CF12A17004F0064830A /* Products */,
			);
			sourceTree = "<group>";
		};
		830A8CF12A17004F0064830A /* Products */ = {
			isa = PBXGroup;
			children = (
				830A8CF02A17004F0064830A /* FindDairyFree.app */,
			);
			name = Products;
			sourceTree = "<group>";
		};
		830A8CF22A17004F0064830A /* FindDairyFree */ = {
			isa = PBXGroup;
			children = (
				830A8D162A1701340064830A /* Assets.xcassets */,
				830A8CF32A17004F0064830A /* FindDairyFreeApp.swift */,
				830A8D032A1700BB0064830A /* DataServices */,
				830A8D022A1700AE0064830A /* Views */,
				830A8D012A1700A20064830A /* Models */,
				830A8CF92A1700500064830A /* Preview Content */,
			);
			path = FindDairyFree;
			sourceTree = "<group>";
		};
		830A8CF92A1700500064830A /* Preview Content */ = {
			isa = PBXGroup;
			children = (
				830A8D142A1701110064830A /* Preview Assets.xcassets */,
			);
			path = "Preview Content";
			sourceTree = "<group>";
		};
		830A8D012A1700A20064830A /* Models */ = {
			isa = PBXGroup;
			children = (
				830A8D0F2A1700F70064830A /* Location.swift */,
				830A8D102A1700F70064830A /* LocationManager.swift */,
				830A8D0E2A1700F70064830A /* Tag.swift */,
			);
			path = Models;
			sourceTree = "<group>";
		};
		830A8D022A1700AE0064830A /* Views */ = {
			isa = PBXGroup;
			children = (
				830A8D0A2A1700E20064830A /* ContentView.swift */,
				830A8D082A1700E20064830A /* LocationDetailView.swift */,
				830A8D092A1700E20064830A /* MapView.swift */,
			);
			path = Views;
			sourceTree = "<group>";
		};
		830A8D032A1700BB0064830A /* DataServices */ = {
			isa = PBXGroup;
			children = (
				830A8D052A1700D50064830A /* LocationData.swift */,
				830A8D042A1700D50064830A /* Locations.tsv */,
			);
			path = DataServices;
			sourceTree = "<group>";
		};
/* End PBXGroup section */

/* Begin PBXNativeTarget section */
		830A8CEF2A17004F0064830A /* FindDairyFree */ = {
			isa = PBXNativeTarget;
			buildConfigurationList = 830A8CFE2A1700500064830A /* Build configuration list for PBXNativeTarget "FindDairyFree" */;
			buildPhases = (
				830A8CEC2A17004F0064830A /* Sources */,
				830A8CED2A17004F0064830A /* Frameworks */,
				830A8CEE2A17004F0064830A /* Resources */,
			);
			buildRules = (
			);
			dependencies = (
			);
			name = FindDairyFree;
			productName = FindDairyFree;
			productReference = 830A8CF02A17004F0064830A /* FindDairyFree.app */;
			productType = "com.apple.product-type.application";
		};
/* End PBXNativeTarget section */

/* Begin PBXProject section */
		830A8CE82A17004F0064830A /* Project object */ = {
			isa = PBXProject;
			attributes = {
				BuildIndependentTargetsInParallel = 1;
				LastSwiftUpdateCheck = 1430;
				LastUpgradeCheck = 1430;
				TargetAttributes = {
					830A8CEF2A17004F0064830A = {
						CreatedOnToolsVersion = 14.3;
					};
				};
			};
			buildConfigurationList = 830A8CEB2A17004F0064830A /* Build configuration list for PBXProject "FindDairyFree" */;
			compatibilityVersion = "Xcode 14.0";
			developmentRegion = en;
			hasScannedForEncodings = 0;
			knownRegions = (
				en,
				Base,
			);
			mainGroup = 830A8CE72A17004F0064830A;
			productRefGroup = 830A8CF12A17004F0064830A /* Products */;
			projectDirPath = "";
			projectRoot = "";
			targets = (
				830A8CEF2A17004F0064830A /* FindDairyFree */,
			);
		};
/* End PBXProject section */

/* Begin PBXResourcesBuildPhase section */
		830A8CEE2A17004F0064830A /* Resources */ = {
			isa = PBXResourcesBuildPhase;
			buildActionMask = 2147483647;
			files = (
				830A8D152A1701110064830A /* Preview Assets.xcassets in Resources */,
				830A8D172A1701340064830A /* Assets.xcassets in Resources */,
				830A8D062A1700D50064830A /* Locations.tsv in Resources */,
			);
			runOnlyForDeploymentPostprocessing = 0;
		};
/* End PBXResourcesBuildPhase section */

/* Begin PBXSourcesBuildPhase section */
		830A8CEC2A17004F0064830A /* Sources */ = {
			isa = PBXSourcesBuildPhase;
			buildActionMask = 2147483647;
			files = (
				830A8D112A1700F70064830A /* Tag.swift in Sources */,
				830A8D072A1700D50064830A /* LocationData.swift in Sources */,
				830A8D0D2A1700E20064830A /* ContentView.swift in Sources */,
				830A8D0C2A1700E20064830A /* MapView.swift in Sources */,
				830A8D132A1700F70064830A /* LocationManager.swift in Sources */,
				830A8D0B2A1700E20064830A /* LocationDetailView.swift in Sources */,
				830A8CF42A17004F0064830A /* FindDairyFreeApp.swift in Sources */,
				830A8D122A1700F70064830A /* Location.swift in Sources */,
			);
			runOnlyForDeploymentPostprocessing = 0;
		};
/* End PBXSourcesBuildPhase section */

/* Begin XCBuildConfiguration section */
		830A8CFC2A1700500064830A /* Debug */ = {
			isa = XCBuildConfiguration;
			buildSettings = {
				ALWAYS_SEARCH_USER_PATHS = NO;
				CLANG_ANALYZER_NONNULL = YES;
				CLANG_ANALYZER_NUMBER_OBJECT_CONVERSION = YES_AGGRESSIVE;
				CLANG_CXX_LANGUAGE_STANDARD = "gnu++20";
				CLANG_ENABLE_MODULES = YES;
				CLANG_ENABLE_OBJC_ARC = YES;
				CLANG_ENABLE_OBJC_WEAK = YES;
				CLANG_WARN_BLOCK_CAPTURE_AUTORELEASING = YES;
				CLANG_WARN_BOOL_CONVERSION = YES;
				CLANG_WARN_COMMA = YES;
				CLANG_WARN_CONSTANT_CONVERSION = YES;
				CLANG_WARN_DEPRECATED_OBJC_IMPLEMENTATIONS = YES;
				CLANG_WARN_DIRECT_OBJC_ISA_USAGE = YES_ERROR;
				CLANG_WARN_DOCUMENTATION_COMMENTS = YES;
				CLANG_WARN_EMPTY_BODY = YES;
				CLANG_WARN_ENUM_CONVERSION = YES;
				CLANG_WARN_INFINITE_RECURSION = YES;
				CLANG_WARN_INT_CONVERSION = YES;
				CLANG_WARN_NON_LITERAL_NULL_CONVERSION = YES;
				CLANG_WARN_OBJC_IMPLICIT_RETAIN_SELF = YES;
				CLANG_WARN_OBJC_LITERAL_CONVERSION = YES;
				CLANG_WARN_OBJC_ROOT_CLASS = YES_ERROR;
				CLANG_WARN_QUOTED_INCLUDE_IN_FRAMEWORK_HEADER = YES;
				CLANG_WARN_RANGE_LOOP_ANALYSIS = YES;
				CLANG_WARN_STRICT_PROTOTYPES = YES;
				CLANG_WARN_SUSPICIOUS_MOVE = YES;
				CLANG_WARN_UNGUARDED_AVAILABILITY = YES_AGGRESSIVE;
				CLANG_WARN_UNREACHABLE_CODE = YES;
				CLANG_WARN__DUPLICATE_METHOD_MATCH = YES;
				COPY_PHASE_STRIP = NO;
				DEBUG_INFORMATION_FORMAT = dwarf;
				ENABLE_STRICT_OBJC_MSGSEND = YES;
				ENABLE_TESTABILITY = YES;
				GCC_C_LANGUAGE_STANDARD = gnu11;
				GCC_DYNAMIC_NO_PIC = NO;
				GCC_NO_COMMON_BLOCKS = YES;
				GCC_OPTIMIZATION_LEVEL = 0;
				GCC_PREPROCESSOR_DEFINITIONS = (
					"DEBUG=1",
					"$(inherited)",
				);
				GCC_WARN_64_TO_32_BIT_CONVERSION = YES;
				GCC_WARN_ABOUT_RETURN_TYPE = YES_ERROR;
				GCC_WARN_UNDECLARED_SELECTOR = YES;
				GCC_WARN_UNINITIALIZED_AUTOS = YES_AGGRESSIVE;
				GCC_WARN_UNUSED_FUNCTION = YES;
				GCC_WARN_UNUSED_VARIABLE = YES;
				IPHONEOS_DEPLOYMENT_TARGET = 16.4;
				MTL_ENABLE_DEBUG_INFO = INCLUDE_SOURCE;
				MTL_FAST_MATH = YES;
				ONLY_ACTIVE_ARCH = YES;
				SDKROOT = iphoneos;
				SWIFT_ACTIVE_COMPILATION_CONDITIONS = DEBUG;
				SWIFT_OPTIMIZATION_LEVEL = "-Onone";
			};
			name = Debug;
		};
		830A8CFD2A1700500064830A /* Release */ = {
			isa = XCBuildConfiguration;
			buildSettings = {
				ALWAYS_SEARCH_USER_PATHS = NO;
				CLANG_ANALYZER_NONNULL = YES;
				CLANG_ANALYZER_NUMBER_OBJECT_CONVERSION = YES_AGGRESSIVE;
				CLANG_CXX_LANGUAGE_STANDARD = "gnu++20";
				CLANG_ENABLE_MODULES = YES;
				CLANG_ENABLE_OBJC_ARC = YES;
				CLANG_ENABLE_OBJC_WEAK = YES;
				CLANG_WARN_BLOCK_CAPTURE_AUTORELEASING = YES;
				CLANG_WARN_BOOL_CONVERSION = YES;
				CLANG_WARN_COMMA = YES;
				CLANG_WARN_CONSTANT_CONVERSION = YES;
				CLANG_WARN_DEPRECATED_OBJC_IMPLEMENTATIONS = YES;
				CLANG_WARN_DIRECT_OBJC_ISA_USAGE = YES_ERROR;
				CLANG_WARN_DOCUMENTATION_COMMENTS = YES;
				CLANG_WARN_EMPTY_BODY = YES;
				CLANG_WARN_ENUM_CONVERSION = YES;
				CLANG_WARN_INFINITE_RECURSION = YES;
				CLANG_WARN_INT_CONVERSION = YES;
				CLANG_WARN_NON_LITERAL_NULL_CONVERSION = YES;
				CLANG_WARN_OBJC_IMPLICIT_RETAIN_SELF = YES;
				CLANG_WARN_OBJC_LITERAL_CONVERSION = YES;
				CLANG_WARN_OBJC_ROOT_CLASS = YES_ERROR;
				CLANG_WARN_QUOTED_INCLUDE_IN_FRAMEWORK_HEADER = YES;
				CLANG_WARN_RANGE_LOOP_ANALYSIS = YES;
				CLANG_WARN_STRICT_PROTOTYPES = YES;
				CLANG_WARN_SUSPICIOUS_MOVE = YES;
				CLANG_WARN_UNGUARDED_AVAILABILITY = YES_AGGRESSIVE;
				CLANG_WARN_UNREACHABLE_CODE = YES;
				CLANG_WARN__DUPLICATE_METHOD_MATCH = YES;
				COPY_PHASE_STRIP = NO;
				DEBUG_INFORMATION_FORMAT = "dwarf-with-dsym";
				ENABLE_NS_ASSERTIONS = NO;
				ENABLE_STRICT_OBJC_MSGSEND = YES;
				GCC_C_LANGUAGE_STANDARD = gnu11;
				GCC_NO_COMMON_BLOCKS = YES;
				GCC_WARN_64_TO_32_BIT_CONVERSION = YES;
				GCC_WARN_ABOUT_RETURN_TYPE = YES_ERROR;
				GCC_WARN_UNDECLARED_SELECTOR = YES;
				GCC_WARN_UNINITIALIZED_AUTOS = YES_AGGRESSIVE;
				GCC_WARN_UNUSED_FUNCTION = YES;
				GCC_WARN_UNUSED_VARIABLE = YES;
				IPHONEOS_DEPLOYMENT_TARGET = 16.4;
				MTL_ENABLE_DEBUG_INFO = NO;
				MTL_FAST_MATH = YES;
				SDKROOT = iphoneos;
				SWIFT_COMPILATION_MODE = wholemodule;
				SWIFT_OPTIMIZATION_LEVEL = "-O";
				VALIDATE_PRODUCT = YES;
			};
			name = Release;
		};
		830A8CFF2A1700500064830A /* Debug */ = {
			isa = XCBuildConfiguration;
			buildSettings = {
				ASSETCATALOG_COMPILER_APPICON_NAME = AppIcon;
				ASSETCATALOG_COMPILER_GLOBAL_ACCENT_COLOR_NAME = AccentColor;
				CODE_SIGN_STYLE = Automatic;
				CURRENT_PROJECT_VERSION = 1;
				DEVELOPMENT_ASSET_PATHS = "\"FindDairyFree/Preview Content\"";
				DEVELOPMENT_TEAM = GY2THC9PZ2;
				ENABLE_PREVIEWS = YES;
				GENERATE_INFOPLIST_FILE = YES;
				INFOPLIST_KEY_NSLocationWhenInUseUsageDescription = "";
				INFOPLIST_KEY_UIApplicationSceneManifest_Generation = YES;
				INFOPLIST_KEY_UIApplicationSupportsIndirectInputEvents = YES;
				INFOPLIST_KEY_UILaunchScreen_Generation = YES;
				INFOPLIST_KEY_UISupportedInterfaceOrientations_iPad = "UIInterfaceOrientationPortrait UIInterfaceOrientationPortraitUpsideDown UIInterfaceOrientationLandscapeLeft UIInterfaceOrientationLandscapeRight";
				INFOPLIST_KEY_UISupportedInterfaceOrientations_iPhone = "UIInterfaceOrientationPortrait UIInterfaceOrientationLandscapeLeft UIInterfaceOrientationLandscapeRight";
				LD_RUNPATH_SEARCH_PATHS = (
					"$(inherited)",
					"@executable_path/Frameworks",
				);
				MARKETING_VERSION = 1.0;
				PRODUCT_BUNDLE_IDENTIFIER = com.griffinmichalak.FindDairyFree;
				PRODUCT_NAME = "$(TARGET_NAME)";
				SWIFT_EMIT_LOC_STRINGS = YES;
				SWIFT_VERSION = 5.0;
				TARGETED_DEVICE_FAMILY = "1,2";
			};
			name = Debug;
		};
		830A8D002A1700500064830A /* Release */ = {
			isa = XCBuildConfiguration;
			buildSettings = {
				ASSETCATALOG_COMPILER_APPICON_NAME = AppIcon;
				ASSETCATALOG_COMPILER_GLOBAL_ACCENT_COLOR_NAME = AccentColor;
				CODE_SIGN_STYLE = Automatic;
				CURRENT_PROJECT_VERSION = 1;
				DEVELOPMENT_ASSET_PATHS = "\"FindDairyFree/Preview Content\"";
				DEVELOPMENT_TEAM = GY2THC9PZ2;
				ENABLE_PREVIEWS = YES;
				GENERATE_INFOPLIST_FILE = YES;
				INFOPLIST_KEY_NSLocationWhenInUseUsageDescription = "";
				INFOPLIST_KEY_UIApplicationSceneManifest_Generation = YES;
				INFOPLIST_KEY_UIApplicationSupportsIndirectInputEvents = YES;
				INFOPLIST_KEY_UILaunchScreen_Generation = YES;
				INFOPLIST_KEY_UISupportedInterfaceOrientations_iPad = "UIInterfaceOrientationPortrait UIInterfaceOrientationPortraitUpsideDown UIInterfaceOrientationLandscapeLeft UIInterfaceOrientationLandscapeRight";
				INFOPLIST_KEY_UISupportedInterfaceOrientations_iPhone = "UIInterfaceOrientationPortrait UIInterfaceOrientationLandscapeLeft UIInterfaceOrientationLandscapeRight";
				LD_RUNPATH_SEARCH_PATHS = (
					"$(inherited)",
					"@executable_path/Frameworks",
				);
				MARKETING_VERSION = 1.0;
				PRODUCT_BUNDLE_IDENTIFIER = com.griffinmichalak.FindDairyFree;
				PRODUCT_NAME = "$(TARGET_NAME)";
				SWIFT_EMIT_LOC_STRINGS = YES;
				SWIFT_VERSION = 5.0;
				TARGETED_DEVICE_FAMILY = "1,2";
			};
			name = Release;
		};
/* End XCBuildConfiguration section */

/* Begin XCConfigurationList section */
		830A8CEB2A17004F0064830A /* Build configuration list for PBXProject "FindDairyFree" */ = {
			isa = XCConfigurationList;
			buildConfigurations = (
				830A8CFC2A1700500064830A /* Debug */,
				830A8CFD2A1700500064830A /* Release */,
			);
			defaultConfigurationIsVisible = 0;
			defaultConfigurationName = Release;
		};
		830A8CFE2A1700500064830A /* Build configuration list for PBXNativeTarget "FindDairyFree" */ = {
			isa = XCConfigurationList;
			buildConfigurations = (
				830A8CFF2A1700500064830A /* Debug */,
				830A8D002A1700500064830A /* Release */,
			);
			defaultConfigurationIsVisible = 0;
			defaultConfigurationName = Release;
		};
/* End XCConfigurationList section */
	};
	rootObject = 830A8CE82A17004F0064830A /* Project object */;
}
