// !$*UTF8*$!
{
	archiveVersion = 1;
	classes = {
	};
	objectVersion = 56;
	objects = {

/* Begin PBXBuildFile section */
		833B9DE429FEEF7D001D70AA /* DairyFreeFinderApp.swift in Sources */ = {isa = PBXBuildFile; fileRef = 833B9DE329FEEF7D001D70AA /* DairyFreeFinderApp.swift */; };
		833B9DE629FEEF7D001D70AA /* ContentView.swift in Sources */ = {isa = PBXBuildFile; fileRef = 833B9DE529FEEF7D001D70AA /* ContentView.swift */; };
		833B9DF229FEF05B001D70AA /* Assets.xcassets in Resources */ = {isa = PBXBuildFile; fileRef = 833B9DF129FEF05B001D70AA /* Assets.xcassets */; };
		833B9DF729FEF184001D70AA /* Location.swift in Sources */ = {isa = PBXBuildFile; fileRef = 833B9DF629FEF184001D70AA /* Location.swift */; };
		833B9DF929FEF204001D70AA /* LocationsDataService.swift in Sources */ = {isa = PBXBuildFile; fileRef = 833B9DF829FEF204001D70AA /* LocationsDataService.swift */; };
		833B9DFC29FEF6A8001D70AA /* LocationsView.swift in Sources */ = {isa = PBXBuildFile; fileRef = 833B9DFB29FEF6A8001D70AA /* LocationsView.swift */; };
		833B9DFE29FEF950001D70AA /* LocationsViewModel.swift in Sources */ = {isa = PBXBuildFile; fileRef = 833B9DFD29FEF950001D70AA /* LocationsViewModel.swift */; };
		833B9E0029FF00D3001D70AA /* LocationsListView.swift in Sources */ = {isa = PBXBuildFile; fileRef = 833B9DFF29FF00D3001D70AA /* LocationsListView.swift */; };
		833B9E0229FF0B3A001D70AA /* LocationPreviewView.swift in Sources */ = {isa = PBXBuildFile; fileRef = 833B9E0129FF0B3A001D70AA /* LocationPreviewView.swift */; };
		833B9E0429FF37B3001D70AA /* DairyFreeDocs.docc in Sources */ = {isa = PBXBuildFile; fileRef = 833B9E0329FF37B3001D70AA /* DairyFreeDocs.docc */; };
		833B9E0629FF41D7001D70AA /* LocationMapAnnotationView.swift in Sources */ = {isa = PBXBuildFile; fileRef = 833B9E0529FF41D7001D70AA /* LocationMapAnnotationView.swift */; };
		833B9E0829FF4ABA001D70AA /* LocationDetailView.swift in Sources */ = {isa = PBXBuildFile; fileRef = 833B9E0729FF4ABA001D70AA /* LocationDetailView.swift */; };
/* End PBXBuildFile section */

/* Begin PBXFileReference section */
		833B9DE029FEEF7D001D70AA /* DairyFreeFinder.app */ = {isa = PBXFileReference; explicitFileType = wrapper.application; includeInIndex = 0; path = DairyFreeFinder.app; sourceTree = BUILT_PRODUCTS_DIR; };
		833B9DE329FEEF7D001D70AA /* DairyFreeFinderApp.swift */ = {isa = PBXFileReference; lastKnownFileType = sourcecode.swift; path = DairyFreeFinderApp.swift; sourceTree = "<group>"; };
		833B9DE529FEEF7D001D70AA /* ContentView.swift */ = {isa = PBXFileReference; lastKnownFileType = sourcecode.swift; path = ContentView.swift; sourceTree = "<group>"; };
		833B9DF129FEF05B001D70AA /* Assets.xcassets */ = {isa = PBXFileReference; lastKnownFileType = folder.assetcatalog; path = Assets.xcassets; sourceTree = "<group>"; };
		833B9DF629FEF184001D70AA /* Location.swift */ = {isa = PBXFileReference; lastKnownFileType = sourcecode.swift; path = Location.swift; sourceTree = "<group>"; };
		833B9DF829FEF204001D70AA /* LocationsDataService.swift */ = {isa = PBXFileReference; fileEncoding = 4; lastKnownFileType = sourcecode.swift; path = LocationsDataService.swift; sourceTree = "<group>"; };
		833B9DFB29FEF6A8001D70AA /* LocationsView.swift */ = {isa = PBXFileReference; lastKnownFileType = sourcecode.swift; path = LocationsView.swift; sourceTree = "<group>"; };
		833B9DFD29FEF950001D70AA /* LocationsViewModel.swift */ = {isa = PBXFileReference; lastKnownFileType = sourcecode.swift; path = LocationsViewModel.swift; sourceTree = "<group>"; };
		833B9DFF29FF00D3001D70AA /* LocationsListView.swift */ = {isa = PBXFileReference; lastKnownFileType = sourcecode.swift; path = LocationsListView.swift; sourceTree = "<group>"; };
		833B9E0129FF0B3A001D70AA /* LocationPreviewView.swift */ = {isa = PBXFileReference; lastKnownFileType = sourcecode.swift; path = LocationPreviewView.swift; sourceTree = "<group>"; };
		833B9E0329FF37B3001D70AA /* DairyFreeDocs.docc */ = {isa = PBXFileReference; lastKnownFileType = folder.documentationcatalog; path = DairyFreeDocs.docc; sourceTree = "<group>"; };
		833B9E0529FF41D7001D70AA /* LocationMapAnnotationView.swift */ = {isa = PBXFileReference; lastKnownFileType = sourcecode.swift; path = LocationMapAnnotationView.swift; sourceTree = "<group>"; };
		833B9E0729FF4ABA001D70AA /* LocationDetailView.swift */ = {isa = PBXFileReference; lastKnownFileType = sourcecode.swift; path = LocationDetailView.swift; sourceTree = "<group>"; };
/* End PBXFileReference section */

/* Begin PBXFrameworksBuildPhase section */
		833B9DDD29FEEF7D001D70AA /* Frameworks */ = {
			isa = PBXFrameworksBuildPhase;
			buildActionMask = 2147483647;
			files = (
			);
			runOnlyForDeploymentPostprocessing = 0;
		};
/* End PBXFrameworksBuildPhase section */

/* Begin PBXGroup section */
		833B9DD729FEEF7D001D70AA = {
			isa = PBXGroup;
			children = (
				833B9DE229FEEF7D001D70AA /* DairyFreeFinder */,
				833B9DE129FEEF7D001D70AA /* Products */,
			);
			sourceTree = "<group>";
		};
		833B9DE129FEEF7D001D70AA /* Products */ = {
			isa = PBXGroup;
			children = (
				833B9DE029FEEF7D001D70AA /* DairyFreeFinder.app */,
			);
			name = Products;
			sourceTree = "<group>";
		};
		833B9DE229FEEF7D001D70AA /* DairyFreeFinder */ = {
			isa = PBXGroup;
			children = (
				833B9DF129FEF05B001D70AA /* Assets.xcassets */,
				833B9DE329FEEF7D001D70AA /* DairyFreeFinderApp.swift */,
				833B9DE529FEEF7D001D70AA /* ContentView.swift */,
				833B9DFA29FEF2F6001D70AA /* DataServices */,
				833B9DF429FEF12E001D70AA /* Views */,
				833B9DF329FEF11F001D70AA /* Models */,
				833B9DF529FEF136001D70AA /* ViewModels */,
			);
			path = DairyFreeFinder;
			sourceTree = "<group>";
		};
		833B9DF329FEF11F001D70AA /* Models */ = {
			isa = PBXGroup;
			children = (
			);
			path = Models;
			sourceTree = "<group>";
		};
		833B9DF429FEF12E001D70AA /* Views */ = {
			isa = PBXGroup;
			children = (
				833B9DF629FEF184001D70AA /* Location.swift */,
				833B9DFB29FEF6A8001D70AA /* LocationsView.swift */,
				833B9DFF29FF00D3001D70AA /* LocationsListView.swift */,
				833B9E0129FF0B3A001D70AA /* LocationPreviewView.swift */,
				833B9E0529FF41D7001D70AA /* LocationMapAnnotationView.swift */,
				833B9E0729FF4ABA001D70AA /* LocationDetailView.swift */,
			);
			path = Views;
			sourceTree = "<group>";
		};
		833B9DF529FEF136001D70AA /* ViewModels */ = {
			isa = PBXGroup;
			children = (
				833B9DFD29FEF950001D70AA /* LocationsViewModel.swift */,
				833B9E0329FF37B3001D70AA /* DairyFreeDocs.docc */,
			);
			path = ViewModels;
			sourceTree = "<group>";
		};
		833B9DFA29FEF2F6001D70AA /* DataServices */ = {
			isa = PBXGroup;
			children = (
				833B9DF829FEF204001D70AA /* LocationsDataService.swift */,
			);
			path = DataServices;
			sourceTree = "<group>";
		};
/* End PBXGroup section */

/* Begin PBXNativeTarget section */
		833B9DDF29FEEF7D001D70AA /* DairyFreeFinder */ = {
			isa = PBXNativeTarget;
			buildConfigurationList = 833B9DEE29FEEF7E001D70AA /* Build configuration list for PBXNativeTarget "DairyFreeFinder" */;
			buildPhases = (
				833B9DDC29FEEF7D001D70AA /* Sources */,
				833B9DDD29FEEF7D001D70AA /* Frameworks */,
				833B9DDE29FEEF7D001D70AA /* Resources */,
			);
			buildRules = (
			);
			dependencies = (
			);
			name = DairyFreeFinder;
			productName = DairyFreeFinder;
			productReference = 833B9DE029FEEF7D001D70AA /* DairyFreeFinder.app */;
			productType = "com.apple.product-type.application";
		};
/* End PBXNativeTarget section */

/* Begin PBXProject section */
		833B9DD829FEEF7D001D70AA /* Project object */ = {
			isa = PBXProject;
			attributes = {
				BuildIndependentTargetsInParallel = 1;
				LastSwiftUpdateCheck = 1430;
				LastUpgradeCheck = 1430;
				TargetAttributes = {
					833B9DDF29FEEF7D001D70AA = {
						CreatedOnToolsVersion = 14.3;
					};
				};
			};
			buildConfigurationList = 833B9DDB29FEEF7D001D70AA /* Build configuration list for PBXProject "DairyFreeFinder" */;
			compatibilityVersion = "Xcode 14.0";
			developmentRegion = en;
			hasScannedForEncodings = 0;
			knownRegions = (
				en,
				Base,
			);
			mainGroup = 833B9DD729FEEF7D001D70AA;
			productRefGroup = 833B9DE129FEEF7D001D70AA /* Products */;
			projectDirPath = "";
			projectRoot = "";
			targets = (
				833B9DDF29FEEF7D001D70AA /* DairyFreeFinder */,
			);
		};
/* End PBXProject section */

/* Begin PBXResourcesBuildPhase section */
		833B9DDE29FEEF7D001D70AA /* Resources */ = {
			isa = PBXResourcesBuildPhase;
			buildActionMask = 2147483647;
			files = (
				833B9DF229FEF05B001D70AA /* Assets.xcassets in Resources */,
			);
			runOnlyForDeploymentPostprocessing = 0;
		};
/* End PBXResourcesBuildPhase section */

/* Begin PBXSourcesBuildPhase section */
		833B9DDC29FEEF7D001D70AA /* Sources */ = {
			isa = PBXSourcesBuildPhase;
			buildActionMask = 2147483647;
			files = (
				833B9DF929FEF204001D70AA /* LocationsDataService.swift in Sources */,
				833B9E0629FF41D7001D70AA /* LocationMapAnnotationView.swift in Sources */,
				833B9E0829FF4ABA001D70AA /* LocationDetailView.swift in Sources */,
				833B9E0029FF00D3001D70AA /* LocationsListView.swift in Sources */,
				833B9E0229FF0B3A001D70AA /* LocationPreviewView.swift in Sources */,
				833B9DFE29FEF950001D70AA /* LocationsViewModel.swift in Sources */,
				833B9DE629FEEF7D001D70AA /* ContentView.swift in Sources */,
				833B9DFC29FEF6A8001D70AA /* LocationsView.swift in Sources */,
				833B9E0429FF37B3001D70AA /* DairyFreeDocs.docc in Sources */,
				833B9DF729FEF184001D70AA /* Location.swift in Sources */,
				833B9DE429FEEF7D001D70AA /* DairyFreeFinderApp.swift in Sources */,
			);
			runOnlyForDeploymentPostprocessing = 0;
		};
/* End PBXSourcesBuildPhase section */

/* Begin XCBuildConfiguration section */
		833B9DEC29FEEF7E001D70AA /* Debug */ = {
			isa = XCBuildConfiguration;
			buildSettings = {
				ALWAYS_SEARCH_USER_PATHS = NO;
				CLANG_ANALYZER_NONNULL = YES;
				CLANG_ANALYZER_NUMBER_OBJECT_CONVERSION = YES_AGGRESSIVE;
				CLANG_CXX_LANGUAGE_STANDARD = "gnu++20";
				CLANG_ENABLE_MODULES = YES;
				CLANG_ENABLE_OBJC_ARC = YES;
				CLANG_ENABLE_OBJC_WEAK = YES;
				CLANG_WARN_BLOCK_CAPTURE_AUTORELEASING = YES;
				CLANG_WARN_BOOL_CONVERSION = YES;
				CLANG_WARN_COMMA = YES;
				CLANG_WARN_CONSTANT_CONVERSION = YES;
				CLANG_WARN_DEPRECATED_OBJC_IMPLEMENTATIONS = YES;
				CLANG_WARN_DIRECT_OBJC_ISA_USAGE = YES_ERROR;
				CLANG_WARN_DOCUMENTATION_COMMENTS = YES;
				CLANG_WARN_EMPTY_BODY = YES;
				CLANG_WARN_ENUM_CONVERSION = YES;
				CLANG_WARN_INFINITE_RECURSION = YES;
				CLANG_WARN_INT_CONVERSION = YES;
				CLANG_WARN_NON_LITERAL_NULL_CONVERSION = YES;
				CLANG_WARN_OBJC_IMPLICIT_RETAIN_SELF = YES;
				CLANG_WARN_OBJC_LITERAL_CONVERSION = YES;
				CLANG_WARN_OBJC_ROOT_CLASS = YES_ERROR;
				CLANG_WARN_QUOTED_INCLUDE_IN_FRAMEWORK_HEADER = YES;
				CLANG_WARN_RANGE_LOOP_ANALYSIS = YES;
				CLANG_WARN_STRICT_PROTOTYPES = YES;
				CLANG_WARN_SUSPICIOUS_MOVE = YES;
				CLANG_WARN_UNGUARDED_AVAILABILITY = YES_AGGRESSIVE;
				CLANG_WARN_UNREACHABLE_CODE = YES;
				CLANG_WARN__DUPLICATE_METHOD_MATCH = YES;
				COPY_PHASE_STRIP = NO;
				DEBUG_INFORMATION_FORMAT = dwarf;
				ENABLE_STRICT_OBJC_MSGSEND = YES;
				ENABLE_TESTABILITY = YES;
				GCC_C_LANGUAGE_STANDARD = gnu11;
				GCC_DYNAMIC_NO_PIC = NO;
				GCC_NO_COMMON_BLOCKS = YES;
				GCC_OPTIMIZATION_LEVEL = 0;
				GCC_PREPROCESSOR_DEFINITIONS = (
					"DEBUG=1",
					"$(inherited)",
				);
				GCC_WARN_64_TO_32_BIT_CONVERSION = YES;
				GCC_WARN_ABOUT_RETURN_TYPE = YES_ERROR;
				GCC_WARN_UNDECLARED_SELECTOR = YES;
				GCC_WARN_UNINITIALIZED_AUTOS = YES_AGGRESSIVE;
				GCC_WARN_UNUSED_FUNCTION = YES;
				GCC_WARN_UNUSED_VARIABLE = YES;
				IPHONEOS_DEPLOYMENT_TARGET = 16.4;
				MTL_ENABLE_DEBUG_INFO = INCLUDE_SOURCE;
				MTL_FAST_MATH = YES;
				ONLY_ACTIVE_ARCH = YES;
				SDKROOT = iphoneos;
				SWIFT_ACTIVE_COMPILATION_CONDITIONS = DEBUG;
				SWIFT_OPTIMIZATION_LEVEL = "-Onone";
			};
			name = Debug;
		};
		833B9DED29FEEF7E001D70AA /* Release */ = {
			isa = XCBuildConfiguration;
			buildSettings = {
				ALWAYS_SEARCH_USER_PATHS = NO;
				CLANG_ANALYZER_NONNULL = YES;
				CLANG_ANALYZER_NUMBER_OBJECT_CONVERSION = YES_AGGRESSIVE;
				CLANG_CXX_LANGUAGE_STANDARD = "gnu++20";
				CLANG_ENABLE_MODULES = YES;
				CLANG_ENABLE_OBJC_ARC = YES;
				CLANG_ENABLE_OBJC_WEAK = YES;
				CLANG_WARN_BLOCK_CAPTURE_AUTORELEASING = YES;
				CLANG_WARN_BOOL_CONVERSION = YES;
				CLANG_WARN_COMMA = YES;
				CLANG_WARN_CONSTANT_CONVERSION = YES;
				CLANG_WARN_DEPRECATED_OBJC_IMPLEMENTATIONS = YES;
				CLANG_WARN_DIRECT_OBJC_ISA_USAGE = YES_ERROR;
				CLANG_WARN_DOCUMENTATION_COMMENTS = YES;
				CLANG_WARN_EMPTY_BODY = YES;
				CLANG_WARN_ENUM_CONVERSION = YES;
				CLANG_WARN_INFINITE_RECURSION = YES;
				CLANG_WARN_INT_CONVERSION = YES;
				CLANG_WARN_NON_LITERAL_NULL_CONVERSION = YES;
				CLANG_WARN_OBJC_IMPLICIT_RETAIN_SELF = YES;
				CLANG_WARN_OBJC_LITERAL_CONVERSION = YES;
				CLANG_WARN_OBJC_ROOT_CLASS = YES_ERROR;
				CLANG_WARN_QUOTED_INCLUDE_IN_FRAMEWORK_HEADER = YES;
				CLANG_WARN_RANGE_LOOP_ANALYSIS = YES;
				CLANG_WARN_STRICT_PROTOTYPES = YES;
				CLANG_WARN_SUSPICIOUS_MOVE = YES;
				CLANG_WARN_UNGUARDED_AVAILABILITY = YES_AGGRESSIVE;
				CLANG_WARN_UNREACHABLE_CODE = YES;
				CLANG_WARN__DUPLICATE_METHOD_MATCH = YES;
				COPY_PHASE_STRIP = NO;
				DEBUG_INFORMATION_FORMAT = "dwarf-with-dsym";
				ENABLE_NS_ASSERTIONS = NO;
				ENABLE_STRICT_OBJC_MSGSEND = YES;
				GCC_C_LANGUAGE_STANDARD = gnu11;
				GCC_NO_COMMON_BLOCKS = YES;
				GCC_WARN_64_TO_32_BIT_CONVERSION = YES;
				GCC_WARN_ABOUT_RETURN_TYPE = YES_ERROR;
				GCC_WARN_UNDECLARED_SELECTOR = YES;
				GCC_WARN_UNINITIALIZED_AUTOS = YES_AGGRESSIVE;
				GCC_WARN_UNUSED_FUNCTION = YES;
				GCC_WARN_UNUSED_VARIABLE = YES;
				IPHONEOS_DEPLOYMENT_TARGET = 16.4;
				MTL_ENABLE_DEBUG_INFO = NO;
				MTL_FAST_MATH = YES;
				SDKROOT = iphoneos;
				SWIFT_COMPILATION_MODE = wholemodule;
				SWIFT_OPTIMIZATION_LEVEL = "-O";
				VALIDATE_PRODUCT = YES;
			};
			name = Release;
		};
		833B9DEF29FEEF7E001D70AA /* Debug */ = {
			isa = XCBuildConfiguration;
			buildSettings = {
				ASSETCATALOG_COMPILER_APPICON_NAME = AppIcon;
				ASSETCATALOG_COMPILER_GLOBAL_ACCENT_COLOR_NAME = AccentColor;
				CODE_SIGN_STYLE = Automatic;
				CURRENT_PROJECT_VERSION = 1;
				DEVELOPMENT_ASSET_PATHS = "\"DairyFreeFinder/Preview Content\"";
				ENABLE_PREVIEWS = YES;
				GENERATE_INFOPLIST_FILE = YES;
				INFOPLIST_KEY_UIApplicationSceneManifest_Generation = YES;
				INFOPLIST_KEY_UIApplicationSupportsIndirectInputEvents = YES;
				INFOPLIST_KEY_UILaunchScreen_Generation = YES;
				INFOPLIST_KEY_UISupportedInterfaceOrientations_iPad = "UIInterfaceOrientationPortrait UIInterfaceOrientationPortraitUpsideDown UIInterfaceOrientationLandscapeLeft UIInterfaceOrientationLandscapeRight";
				INFOPLIST_KEY_UISupportedInterfaceOrientations_iPhone = "UIInterfaceOrientationPortrait UIInterfaceOrientationLandscapeLeft UIInterfaceOrientationLandscapeRight";
				LD_RUNPATH_SEARCH_PATHS = (
					"$(inherited)",
					"@executable_path/Frameworks",
				);
				MARKETING_VERSION = 1.0;
				PRODUCT_BUNDLE_IDENTIFIER = com.griffinmichalak.DairyFreeFinder;
				PRODUCT_NAME = "$(TARGET_NAME)";
				SWIFT_EMIT_LOC_STRINGS = YES;
				SWIFT_VERSION = 5.0;
				TARGETED_DEVICE_FAMILY = "1,2";
			};
			name = Debug;
		};
		833B9DF029FEEF7E001D70AA /* Release */ = {
			isa = XCBuildConfiguration;
			buildSettings = {
				ASSETCATALOG_COMPILER_APPICON_NAME = AppIcon;
				ASSETCATALOG_COMPILER_GLOBAL_ACCENT_COLOR_NAME = AccentColor;
				CODE_SIGN_STYLE = Automatic;
				CURRENT_PROJECT_VERSION = 1;
				DEVELOPMENT_ASSET_PATHS = "\"DairyFreeFinder/Preview Content\"";
				ENABLE_PREVIEWS = YES;
				GENERATE_INFOPLIST_FILE = YES;
				INFOPLIST_KEY_UIApplicationSceneManifest_Generation = YES;
				INFOPLIST_KEY_UIApplicationSupportsIndirectInputEvents = YES;
				INFOPLIST_KEY_UILaunchScreen_Generation = YES;
				INFOPLIST_KEY_UISupportedInterfaceOrientations_iPad = "UIInterfaceOrientationPortrait UIInterfaceOrientationPortraitUpsideDown UIInterfaceOrientationLandscapeLeft UIInterfaceOrientationLandscapeRight";
				INFOPLIST_KEY_UISupportedInterfaceOrientations_iPhone = "UIInterfaceOrientationPortrait UIInterfaceOrientationLandscapeLeft UIInterfaceOrientationLandscapeRight";
				LD_RUNPATH_SEARCH_PATHS = (
					"$(inherited)",
					"@executable_path/Frameworks",
				);
				MARKETING_VERSION = 1.0;
				PRODUCT_BUNDLE_IDENTIFIER = com.griffinmichalak.DairyFreeFinder;
				PRODUCT_NAME = "$(TARGET_NAME)";
				SWIFT_EMIT_LOC_STRINGS = YES;
				SWIFT_VERSION = 5.0;
				TARGETED_DEVICE_FAMILY = "1,2";
			};
			name = Release;
		};
/* End XCBuildConfiguration section */

/* Begin XCConfigurationList section */
		833B9DDB29FEEF7D001D70AA /* Build configuration list for PBXProject "DairyFreeFinder" */ = {
			isa = XCConfigurationList;
			buildConfigurations = (
				833B9DEC29FEEF7E001D70AA /* Debug */,
				833B9DED29FEEF7E001D70AA /* Release */,
			);
			defaultConfigurationIsVisible = 0;
			defaultConfigurationName = Release;
		};
		833B9DEE29FEEF7E001D70AA /* Build configuration list for PBXNativeTarget "DairyFreeFinder" */ = {
			isa = XCConfigurationList;
			buildConfigurations = (
				833B9DEF29FEEF7E001D70AA /* Debug */,
				833B9DF029FEEF7E001D70AA /* Release */,
			);
			defaultConfigurationIsVisible = 0;
			defaultConfigurationName = Release;
		};
/* End XCConfigurationList section */
	};
	rootObject = 833B9DD829FEEF7D001D70AA /* Project object */;
}
